
Microsoft Visual Studio Solution File, Format Version 12.00
# Visual Studio 15
VisualStudioVersion = 15.0.28307.645
MinimumVisualStudioVersion = 10.0.40219.1
Project("{FAE04EC0-301F-11D3-BF4B-00C04F79EFBC}") = "SendMail", "SendMail\SendMail.csproj", "{623E7D57-4B8E-4657-98F0-E990B02FD925}"
EndProject
Global
	GlobalSection(SolutionConfigurationPlatforms) = preSolution
		Debug|Any CPU = Debug|Any CPU
		Release|Any CPU = Release|Any CPU
	EndGlobalSection
	GlobalSection(ProjectConfigurationPlatforms) = postSolution
		{623E7D57-4B8E-4657-98F0-E990B02FD925}.Debug|Any CPU.ActiveCfg = Debug|Any CPU
		{623E7D57-4B8E-4657-98F0-E990B02FD925}.Debug|Any CPU.Build.0 = Debug|Any CPU
		{623E7D57-4B8E-4657-98F0-E990B02FD925}.Release|Any CPU.ActiveCfg = Release|Any CPU
		{623E7D57-4B8E-4657-98F0-E990B02FD925}.Release|Any CPU.Build.0 = Release|Any CPU
	EndGlobalSection
	GlobalSection(SolutionProperties) = preSolution
		HideSolutionNode = FALSE
	EndGlobalSection
	GlobalSection(ExtensibilityGlobals) = postSolution
		SolutionGuid = {697E520C-B9F5-4CB7-8D74-51C61B9CB82B}
	EndGlobalSection
EndGlobal
