
Microsoft Visual Studio Solution File, Format Version 12.00
# Visual Studio 15
VisualStudioVersion = 15.0.28307.645
MinimumVisualStudioVersion = 10.0.40219.1
Project("{FAE04EC0-301F-11D3-BF4B-00C04F79EFBC}") = "SendMail", "SendMail\SendMail.csproj", "{623E7D57-4B8E-4657-98F0-E990B02FD925}"
EndProject
Project("{FAE04EC0-301F-11D3-BF4B-00C04F79EFBC}") = "WindowsEventCollectorService", "WindowsEventCollectorService\WindowsEventCollectorService.csproj", "{C7073820-305A-4959-B015-52F96424BECF}"
EndProject
Project("{2150E333-8FDC-42A3-9474-1A3956D46DE8}") = "eventcollector", "eventcollector", "{AF4278DC-5CB8-41B0-B0F6-8D8729EBAF23}"
EndProject
Project("{FAE04EC0-301F-11D3-BF4B-00C04F79EFBC}") = "WindowsEventCollectorApp", "WindowsEventCollectorApp\WindowsEventCollectorApp.csproj", "{2852C7D9-0E50-467B-B33C-ACC6B3F687CD}"
EndProject
Project("{FAE04EC0-301F-11D3-BF4B-00C04F79EFBC}") = "WindowsEventCollectorConsole", "WindowsEventCollectorConsole\WindowsEventCollectorConsole.csproj", "{9359B050-0B04-44A1-AE0D-A8794A32EEF0}"
EndProject
Project("{FAE04EC0-301F-11D3-BF4B-00C04F79EFBC}") = "WindowsEventCollectorWebConsole", "WindowsEventCollectorWebConsole\WindowsEventCollectorWebConsole.csproj", "{1FBCE0F8-3A74-4D68-B84B-B3F09BB433D7}"
EndProject
Project("{FAE04EC0-301F-11D3-BF4B-00C04F79EFBC}") = "CommonEventLib", "CommonEventLib\CommonEventLib.csproj", "{6D9E6E8F-3E28-4583-8CBC-2CEDC8BB4229}"
EndProject
Project("{2150E333-8FDC-42A3-9474-1A3956D46DE8}") = "ADManagement", "ADManagement", "{413068E9-F9AD-44D7-A170-80BCA44371E0}"
EndProject
Project("{FAE04EC0-301F-11D3-BF4B-00C04F79EFBC}") = "Create-ADUser-Generator", "AdManagemet\Create-ADUser-Generator\Create-ADUser-Generator.csproj", "{9B366146-1F62-498A-844A-C67F08785746}"
EndProject
Project("{FAE04EC0-301F-11D3-BF4B-00C04F79EFBC}") = "UserManagementWebForm", "AdManagemet\UserManagementWebForm\UserManagementWebForm.csproj", "{4DEF4FC3-2E86-4309-8010-607C090235DF}"
EndProject
Project("{2150E333-8FDC-42A3-9474-1A3956D46DE8}") = "example", "example", "{0985D8E3-7C39-410C-B64B-3B13A11F494B}"
EndProject
Project("{FAE04EC0-301F-11D3-BF4B-00C04F79EFBC}") = "CallPowershell-AD", "CallPowershell-AD\CallPowershell-AD.csproj", "{36565A5A-4701-4FDC-BB73-530250FDBB30}"
EndProject
Project("{FAE04EC0-301F-11D3-BF4B-00C04F79EFBC}") = "RemoteAccesMethods", "example\RemoteAccesMethods\RemoteAccesMethods.csproj", "{7C0D1DC0-ED3E-4203-BA9B-821B52298F88}"
EndProject
Project("{2150E333-8FDC-42A3-9474-1A3956D46DE8}") = "inventory", "inventory", "{B6719EBD-E25D-451E-B5FD-A6BF6E5C07C9}"
EndProject
Project("{FAE04EC0-301F-11D3-BF4B-00C04F79EFBC}") = "ADInventory", "AdManagemet\ADInventory\ADInventory.csproj", "{08A75BF7-CD33-4A1C-A402-68F5D6E5636D}"
EndProject
Project("{FAE04EC0-301F-11D3-BF4B-00C04F79EFBC}") = "CallAD-LDAP", "example\CallAD-LDAP\CallAD-LDAP.csproj", "{EF80F050-FA2F-4C23-AE00-F582FFB8E860}"
EndProject
Project("{FAE04EC0-301F-11D3-BF4B-00C04F79EFBC}") = "LogListener", "LogManagement\LogListener\LogListener.csproj", "{01ACFA0F-25EE-47CC-904A-59590FB42B59}"
EndProject
Project("{FAE04EC0-301F-11D3-BF4B-00C04F79EFBC}") = "TestLogListener", "LogManagement\TestLogListener\TestLogListener.csproj", "{AB688452-36AE-490B-90C9-9439749A3975}"
EndProject
Global
	GlobalSection(SolutionConfigurationPlatforms) = preSolution
		Debug|Any CPU = Debug|Any CPU
		Release|Any CPU = Release|Any CPU
	EndGlobalSection
	GlobalSection(ProjectConfigurationPlatforms) = postSolution
		{623E7D57-4B8E-4657-98F0-E990B02FD925}.Debug|Any CPU.ActiveCfg = Debug|Any CPU
		{623E7D57-4B8E-4657-98F0-E990B02FD925}.Debug|Any CPU.Build.0 = Debug|Any CPU
		{623E7D57-4B8E-4657-98F0-E990B02FD925}.Release|Any CPU.ActiveCfg = Release|Any CPU
		{623E7D57-4B8E-4657-98F0-E990B02FD925}.Release|Any CPU.Build.0 = Release|Any CPU
		{C7073820-305A-4959-B015-52F96424BECF}.Debug|Any CPU.ActiveCfg = Debug|Any CPU
		{C7073820-305A-4959-B015-52F96424BECF}.Debug|Any CPU.Build.0 = Debug|Any CPU
		{C7073820-305A-4959-B015-52F96424BECF}.Release|Any CPU.ActiveCfg = Release|Any CPU
		{C7073820-305A-4959-B015-52F96424BECF}.Release|Any CPU.Build.0 = Release|Any CPU
		{2852C7D9-0E50-467B-B33C-ACC6B3F687CD}.Debug|Any CPU.ActiveCfg = Debug|Any CPU
		{2852C7D9-0E50-467B-B33C-ACC6B3F687CD}.Debug|Any CPU.Build.0 = Debug|Any CPU
		{2852C7D9-0E50-467B-B33C-ACC6B3F687CD}.Release|Any CPU.ActiveCfg = Release|Any CPU
		{2852C7D9-0E50-467B-B33C-ACC6B3F687CD}.Release|Any CPU.Build.0 = Release|Any CPU
		{9359B050-0B04-44A1-AE0D-A8794A32EEF0}.Debug|Any CPU.ActiveCfg = Debug|Any CPU
		{9359B050-0B04-44A1-AE0D-A8794A32EEF0}.Debug|Any CPU.Build.0 = Debug|Any CPU
		{9359B050-0B04-44A1-AE0D-A8794A32EEF0}.Release|Any CPU.ActiveCfg = Release|Any CPU
		{9359B050-0B04-44A1-AE0D-A8794A32EEF0}.Release|Any CPU.Build.0 = Release|Any CPU
		{1FBCE0F8-3A74-4D68-B84B-B3F09BB433D7}.Debug|Any CPU.ActiveCfg = Debug|Any CPU
		{1FBCE0F8-3A74-4D68-B84B-B3F09BB433D7}.Debug|Any CPU.Build.0 = Debug|Any CPU
		{1FBCE0F8-3A74-4D68-B84B-B3F09BB433D7}.Release|Any CPU.ActiveCfg = Release|Any CPU
		{1FBCE0F8-3A74-4D68-B84B-B3F09BB433D7}.Release|Any CPU.Build.0 = Release|Any CPU
		{6D9E6E8F-3E28-4583-8CBC-2CEDC8BB4229}.Debug|Any CPU.ActiveCfg = Debug|Any CPU
		{6D9E6E8F-3E28-4583-8CBC-2CEDC8BB4229}.Debug|Any CPU.Build.0 = Debug|Any CPU
		{6D9E6E8F-3E28-4583-8CBC-2CEDC8BB4229}.Release|Any CPU.ActiveCfg = Release|Any CPU
		{6D9E6E8F-3E28-4583-8CBC-2CEDC8BB4229}.Release|Any CPU.Build.0 = Release|Any CPU
		{9B366146-1F62-498A-844A-C67F08785746}.Debug|Any CPU.ActiveCfg = Debug|Any CPU
		{9B366146-1F62-498A-844A-C67F08785746}.Debug|Any CPU.Build.0 = Debug|Any CPU
		{9B366146-1F62-498A-844A-C67F08785746}.Release|Any CPU.ActiveCfg = Release|Any CPU
		{9B366146-1F62-498A-844A-C67F08785746}.Release|Any CPU.Build.0 = Release|Any CPU
		{4DEF4FC3-2E86-4309-8010-607C090235DF}.Debug|Any CPU.ActiveCfg = Debug|Any CPU
		{4DEF4FC3-2E86-4309-8010-607C090235DF}.Debug|Any CPU.Build.0 = Debug|Any CPU
		{4DEF4FC3-2E86-4309-8010-607C090235DF}.Release|Any CPU.ActiveCfg = Release|Any CPU
		{4DEF4FC3-2E86-4309-8010-607C090235DF}.Release|Any CPU.Build.0 = Release|Any CPU
		{36565A5A-4701-4FDC-BB73-530250FDBB30}.Debug|Any CPU.ActiveCfg = Debug|Any CPU
		{36565A5A-4701-4FDC-BB73-530250FDBB30}.Debug|Any CPU.Build.0 = Debug|Any CPU
		{36565A5A-4701-4FDC-BB73-530250FDBB30}.Release|Any CPU.ActiveCfg = Release|Any CPU
		{36565A5A-4701-4FDC-BB73-530250FDBB30}.Release|Any CPU.Build.0 = Release|Any CPU
		{7C0D1DC0-ED3E-4203-BA9B-821B52298F88}.Debug|Any CPU.ActiveCfg = Debug|Any CPU
		{7C0D1DC0-ED3E-4203-BA9B-821B52298F88}.Debug|Any CPU.Build.0 = Debug|Any CPU
		{7C0D1DC0-ED3E-4203-BA9B-821B52298F88}.Release|Any CPU.ActiveCfg = Release|Any CPU
		{7C0D1DC0-ED3E-4203-BA9B-821B52298F88}.Release|Any CPU.Build.0 = Release|Any CPU
		{08A75BF7-CD33-4A1C-A402-68F5D6E5636D}.Debug|Any CPU.ActiveCfg = Debug|Any CPU
		{08A75BF7-CD33-4A1C-A402-68F5D6E5636D}.Debug|Any CPU.Build.0 = Debug|Any CPU
		{08A75BF7-CD33-4A1C-A402-68F5D6E5636D}.Release|Any CPU.ActiveCfg = Release|Any CPU
		{08A75BF7-CD33-4A1C-A402-68F5D6E5636D}.Release|Any CPU.Build.0 = Release|Any CPU
		{EF80F050-FA2F-4C23-AE00-F582FFB8E860}.Debug|Any CPU.ActiveCfg = Debug|Any CPU
		{EF80F050-FA2F-4C23-AE00-F582FFB8E860}.Debug|Any CPU.Build.0 = Debug|Any CPU
		{EF80F050-FA2F-4C23-AE00-F582FFB8E860}.Release|Any CPU.ActiveCfg = Release|Any CPU
		{EF80F050-FA2F-4C23-AE00-F582FFB8E860}.Release|Any CPU.Build.0 = Release|Any CPU
		{01ACFA0F-25EE-47CC-904A-59590FB42B59}.Debug|Any CPU.ActiveCfg = Debug|Any CPU
		{01ACFA0F-25EE-47CC-904A-59590FB42B59}.Debug|Any CPU.Build.0 = Debug|Any CPU
		{01ACFA0F-25EE-47CC-904A-59590FB42B59}.Release|Any CPU.ActiveCfg = Release|Any CPU
		{01ACFA0F-25EE-47CC-904A-59590FB42B59}.Release|Any CPU.Build.0 = Release|Any CPU
		{AB688452-36AE-490B-90C9-9439749A3975}.Debug|Any CPU.ActiveCfg = Debug|Any CPU
		{AB688452-36AE-490B-90C9-9439749A3975}.Debug|Any CPU.Build.0 = Debug|Any CPU
		{AB688452-36AE-490B-90C9-9439749A3975}.Release|Any CPU.ActiveCfg = Release|Any CPU
		{AB688452-36AE-490B-90C9-9439749A3975}.Release|Any CPU.Build.0 = Release|Any CPU
	EndGlobalSection
	GlobalSection(SolutionProperties) = preSolution
		HideSolutionNode = FALSE
	EndGlobalSection
	GlobalSection(NestedProjects) = preSolution
		{C7073820-305A-4959-B015-52F96424BECF} = {AF4278DC-5CB8-41B0-B0F6-8D8729EBAF23}
		{2852C7D9-0E50-467B-B33C-ACC6B3F687CD} = {AF4278DC-5CB8-41B0-B0F6-8D8729EBAF23}
		{9359B050-0B04-44A1-AE0D-A8794A32EEF0} = {AF4278DC-5CB8-41B0-B0F6-8D8729EBAF23}
		{1FBCE0F8-3A74-4D68-B84B-B3F09BB433D7} = {AF4278DC-5CB8-41B0-B0F6-8D8729EBAF23}
		{6D9E6E8F-3E28-4583-8CBC-2CEDC8BB4229} = {AF4278DC-5CB8-41B0-B0F6-8D8729EBAF23}
		{9B366146-1F62-498A-844A-C67F08785746} = {413068E9-F9AD-44D7-A170-80BCA44371E0}
		{4DEF4FC3-2E86-4309-8010-607C090235DF} = {413068E9-F9AD-44D7-A170-80BCA44371E0}
		{36565A5A-4701-4FDC-BB73-530250FDBB30} = {0985D8E3-7C39-410C-B64B-3B13A11F494B}
		{7C0D1DC0-ED3E-4203-BA9B-821B52298F88} = {0985D8E3-7C39-410C-B64B-3B13A11F494B}
		{B6719EBD-E25D-451E-B5FD-A6BF6E5C07C9} = {413068E9-F9AD-44D7-A170-80BCA44371E0}
		{08A75BF7-CD33-4A1C-A402-68F5D6E5636D} = {B6719EBD-E25D-451E-B5FD-A6BF6E5C07C9}
		{EF80F050-FA2F-4C23-AE00-F582FFB8E860} = {0985D8E3-7C39-410C-B64B-3B13A11F494B}
		{01ACFA0F-25EE-47CC-904A-59590FB42B59} = {AF4278DC-5CB8-41B0-B0F6-8D8729EBAF23}
		{AB688452-36AE-490B-90C9-9439749A3975} = {AF4278DC-5CB8-41B0-B0F6-8D8729EBAF23}
	EndGlobalSection
	GlobalSection(ExtensibilityGlobals) = postSolution
		SolutionGuid = {697E520C-B9F5-4CB7-8D74-51C61B9CB82B}
	EndGlobalSection
EndGlobal
